
Microsoft Visual Studio Solution File, Format Version 12.00
# Visual Studio Version 16
VisualStudioVersion = 16.0.28803.202
MinimumVisualStudioVersion = 10.0.40219.1
Project("{FAE04EC0-301F-11D3-BF4B-00C04F79EFBC}") = "Game Of Life", "Game Of Life\Game Of Life.csproj", "{6AA0537C-556F-4B09-BC0A-EBF0C78F857C}"
EndProject
Global
	GlobalSection(SolutionConfigurationPlatforms) = preSolution
		Debug|Any CPU = Debug|Any CPU
		Release|Any CPU = Release|Any CPU
	EndGlobalSection
	GlobalSection(ProjectConfigurationPlatforms) = postSolution
		{6AA0537C-556F-4B09-BC0A-EBF0C78F857C}.Debug|Any CPU.ActiveCfg = Debug|Any CPU
		{6AA0537C-556F-4B09-BC0A-EBF0C78F857C}.Debug|Any CPU.Build.0 = Debug|Any CPU
		{6AA0537C-556F-4B09-BC0A-EBF0C78F857C}.Release|Any CPU.ActiveCfg = Release|Any CPU
		{6AA0537C-556F-4B09-BC0A-EBF0C78F857C}.Release|Any CPU.Build.0 = Release|Any CPU
	EndGlobalSection
	GlobalSection(SolutionProperties) = preSolution
		HideSolutionNode = FALSE
	EndGlobalSection
	GlobalSection(ExtensibilityGlobals) = postSolution
		SolutionGuid = {5DB85996-76FF-4DB1-9A78-D694E2F4AE75}
	EndGlobalSection
EndGlobal
